{
  "name": "server",
  "lockfileVersion": 2,
  "requires": true,
  "packages": {
    "": {
      "dependencies": {
        "complete-crm-server": "file:.."
      }
    },
    "..": {
      "version": "1.0.0",
      "dependencies": {
        "bcryptjs": "^3.0.2",
        "compression": "^1.8.1",
        "cors": "^2.8.5",
        "dotenv": "^17.2.3",
        "express": "^4.22.1",
        "express-rate-limit": "^8.2.1",
        "express-validator": "^7.3.1",
        "helmet": "^8.1.0",
        "jsonwebtoken": "^9.0.3",
        "mongoose": "^8.21.0",
        "morgan": "^1.10.1",
        "multer": "^2.0.2",
        "nodemailer": "^9.0.1",
        "xlsx": "https://cdn.sheetjs.com/xlsx-0.20.3/xlsx-0.20.3.tgz"
      },
      "devDependencies": {
        "cross-env": "^10.1.0",
        "nodemon": "^3.1.11",
        "supertest": "^7.1.4"
      },
      "engines": {
        "node": ">=18.18.0"
      }
    },
    "node_modules/complete-crm-server": {
      "resolved": "..",
      "link": true
    }
  },
  "dependencies": {
    "complete-crm-server": {
      "version": "file:..",
      "requires": {
        "bcryptjs": "^3.0.2",
        "compression": "^1.8.1",
        "cors": "^2.8.5",
        "cross-env": "^10.1.0",
        "dotenv": "^17.2.3",
        "express": "^4.22.1",
        "express-rate-limit": "^8.2.1",
        "express-validator": "^7.3.1",
        "helmet": "^8.1.0",
        "jsonwebtoken": "^9.0.3",
        "mongoose": "^8.21.0",
        "morgan": "^1.10.1",
        "multer": "^2.0.2",
        "nodemailer": "^9.0.1",
        "nodemon": "^3.1.11",
        "supertest": "^7.1.4",
        "xlsx": "https://cdn.sheetjs.com/xlsx-0.20.3/xlsx-0.20.3.tgz"
      }
    }
  }
}
